
Microsoft Visual Studio Solution File, Format Version 12.00
# Visual Studio Version 16
VisualStudioVersion = 16.0.31313.79
MinimumVisualStudioVersion = 10.0.40219.1
Project("{FAE04EC0-301F-11D3-BF4B-00C04F79EFBC}") = "StringKataCalc2021", "StringKataCalc2021\StringKataCalc2021.csproj", "{068CE3EA-295B-4F21-8777-275D7E998375}"
EndProject
Global
	GlobalSection(SolutionConfigurationPlatforms) = preSolution
		Debug|Any CPU = Debug|Any CPU
		Release|Any CPU = Release|Any CPU
	EndGlobalSection
	GlobalSection(ProjectConfigurationPlatforms) = postSolution
		{068CE3EA-295B-4F21-8777-275D7E998375}.Debug|Any CPU.ActiveCfg = Debug|Any CPU
		{068CE3EA-295B-4F21-8777-275D7E998375}.Debug|Any CPU.Build.0 = Debug|Any CPU
		{068CE3EA-295B-4F21-8777-275D7E998375}.Release|Any CPU.ActiveCfg = Release|Any CPU
		{068CE3EA-295B-4F21-8777-275D7E998375}.Release|Any CPU.Build.0 = Release|Any CPU
	EndGlobalSection
	GlobalSection(SolutionProperties) = preSolution
		HideSolutionNode = FALSE
	EndGlobalSection
	GlobalSection(ExtensibilityGlobals) = postSolution
		SolutionGuid = {F577312C-D5A1-4985-8DA9-5E7F87232C95}
	EndGlobalSection
EndGlobal
